
Microsoft Visual Studio Solution File, Format Version 12.00
# Visual Studio 15
VisualStudioVersion = 15.0.28107.0
MinimumVisualStudioVersion = 10.0.40219.1
Project("{E24C65DC-7377-472B-9ABA-BC803B73C61A}") = "ZFighting", "ZFighting\", "{68C58834-6820-4825-A586-398D25921896}"
	ProjectSection(WebsiteProperties) = preProject
		TargetFrameworkMoniker = ".NETFramework,Version%3Dv4.6.1"
		Debug.AspNetCompiler.VirtualPath = "/localhost_60223"
		Debug.AspNetCompiler.PhysicalPath = "ZFighting\"
		Debug.AspNetCompiler.TargetPath = "PrecompiledWeb\localhost_60223\"
		Debug.AspNetCompiler.Updateable = "true"
		Debug.AspNetCompiler.ForceOverwrite = "true"
		Debug.AspNetCompiler.FixedNames = "false"
		Debug.AspNetCompiler.Debug = "True"
		Release.AspNetCompiler.VirtualPath = "/localhost_60223"
		Release.AspNetCompiler.PhysicalPath = "ZFighting\"
		Release.AspNetCompiler.TargetPath = "PrecompiledWeb\localhost_60223\"
		Release.AspNetCompiler.Updateable = "true"
		Release.AspNetCompiler.ForceOverwrite = "true"
		Release.AspNetCompiler.FixedNames = "false"
		Release.AspNetCompiler.Debug = "False"
		VWDPort = "60223"
		SlnRelativePath = "ZFighting\"
		DefaultWebSiteLanguage = "Visual C#"
	EndProjectSection
EndProject
Global
	GlobalSection(SolutionConfigurationPlatforms) = preSolution
		Debug|Any CPU = Debug|Any CPU
	EndGlobalSection
	GlobalSection(ProjectConfigurationPlatforms) = postSolution
		{68C58834-6820-4825-A586-398D25921896}.Debug|Any CPU.ActiveCfg = Debug|Any CPU
		{68C58834-6820-4825-A586-398D25921896}.Debug|Any CPU.Build.0 = Debug|Any CPU
	EndGlobalSection
	GlobalSection(SolutionProperties) = preSolution
		HideSolutionNode = FALSE
	EndGlobalSection
	GlobalSection(ExtensibilityGlobals) = postSolution
		SolutionGuid = {AA7DB601-C4F8-4205-9D7B-D72AE3647784}
	EndGlobalSection
EndGlobal
